// !$*UTF8*$!
{
	archiveVersion = 1;
	classes = {
	};
	objectVersion = 51;
	objects = {

/* Begin PBXBuildFile section */
		0820E2CE22C68E7C00EF2F56 /* Intent.swift in Sources */ = {isa = PBXBuildFile; fileRef = 0820E2CC22C68E7C00EF2F56 /* Intent.swift */; };
		0820E2CF22C68E7C00EF2F56 /* AI.swift in Sources */ = {isa = PBXBuildFile; fileRef = 0820E2CD22C68E7C00EF2F56 /* AI.swift */; };
		0820E2D122C68E8C00EF2F56 /* AIManager.swift in Sources */ = {isa = PBXBuildFile; fileRef = 0820E2D022C68E8C00EF2F56 /* AIManager.swift */; };
		0820E2D322C68E9800EF2F56 /* URLGenerator.swift in Sources */ = {isa = PBXBuildFile; fileRef = 0820E2D222C68E9800EF2F56 /* URLGenerator.swift */; };
		0820E2D622C68EA000EF2F56 /* AIRequest.swift in Sources */ = {isa = PBXBuildFile; fileRef = 0820E2D422C68EA000EF2F56 /* AIRequest.swift */; };
		0820E2D722C68EA000EF2F56 /* AIService.swift in Sources */ = {isa = PBXBuildFile; fileRef = 0820E2D522C68EA000EF2F56 /* AIService.swift */; };
		0820E2DA22C68ED700EF2F56 /* AddressIntent.swift in Sources */ = {isa = PBXBuildFile; fileRef = 0820E2D822C68ED700EF2F56 /* AddressIntent.swift */; };
		0820E2DB22C68ED700EF2F56 /* WeatherIntent.swift in Sources */ = {isa = PBXBuildFile; fileRef = 0820E2D922C68ED700EF2F56 /* WeatherIntent.swift */; };
		3BA530908197693A5F7D440E /* Pods_interfaceMockUITests.framework in Frameworks */ = {isa = PBXBuildFile; fileRef = 11E674C5807598BB208871B4 /* Pods_interfaceMockUITests.framework */; };
		8B35B80940B472EBAC45996E /* Pods_interfaceMockTests.framework in Frameworks */ = {isa = PBXBuildFile; fileRef = 8D048448506E925BBAD7BB6D /* Pods_interfaceMockTests.framework */; };
		980CAF5EFA97B71EF1B41782 /* Pods_interfaceMock.framework in Frameworks */ = {isa = PBXBuildFile; fileRef = 9E6672DDDB3368F90ED5853D /* Pods_interfaceMock.framework */; };
		F2CAE18A22B4173800D51C87 /* AppDelegate.swift in Sources */ = {isa = PBXBuildFile; fileRef = F2CAE18922B4173800D51C87 /* AppDelegate.swift */; };
		F2CAE18C22B4173800D51C87 /* art.scnassets in Resources */ = {isa = PBXBuildFile; fileRef = F2CAE18B22B4173800D51C87 /* art.scnassets */; };
		F2CAE18E22B4173800D51C87 /* ViewController.swift in Sources */ = {isa = PBXBuildFile; fileRef = F2CAE18D22B4173800D51C87 /* ViewController.swift */; };
		F2CAE19122B4173800D51C87 /* Main.storyboard in Resources */ = {isa = PBXBuildFile; fileRef = F2CAE18F22B4173800D51C87 /* Main.storyboard */; };
		F2CAE19322B4173900D51C87 /* Assets.xcassets in Resources */ = {isa = PBXBuildFile; fileRef = F2CAE19222B4173900D51C87 /* Assets.xcassets */; };
		F2CAE19622B4173900D51C87 /* LaunchScreen.storyboard in Resources */ = {isa = PBXBuildFile; fileRef = F2CAE19422B4173900D51C87 /* LaunchScreen.storyboard */; };
		F2CAE1A122B4173A00D51C87 /* interfaceMockTests.swift in Sources */ = {isa = PBXBuildFile; fileRef = F2CAE1A022B4173A00D51C87 /* interfaceMockTests.swift */; };
		F2CAE1AC22B4173A00D51C87 /* interfaceMockUITests.swift in Sources */ = {isa = PBXBuildFile; fileRef = F2CAE1AB22B4173A00D51C87 /* interfaceMockUITests.swift */; };
/* End PBXBuildFile section */

/* Begin PBXContainerItemProxy section */
		F2CAE19D22B4173A00D51C87 /* PBXContainerItemProxy */ = {
			isa = PBXContainerItemProxy;
			containerPortal = F2CAE17E22B4173800D51C87 /* Project object */;
			proxyType = 1;
			remoteGlobalIDString = F2CAE18522B4173800D51C87;
			remoteInfo = interfaceMock;
		};
		F2CAE1A822B4173A00D51C87 /* PBXContainerItemProxy */ = {
			isa = PBXContainerItemProxy;
			containerPortal = F2CAE17E22B4173800D51C87 /* Project object */;
			proxyType = 1;
			remoteGlobalIDString = F2CAE18522B4173800D51C87;
			remoteInfo = interfaceMock;
		};
/* End PBXContainerItemProxy section */

/* Begin PBXFileReference section */
		0820E2CC22C68E7C00EF2F56 /* Intent.swift */ = {isa = PBXFileReference; fileEncoding = 4; lastKnownFileType = sourcecode.swift; name = Intent.swift; path = ../../AiBasicApp/AiBasicApp/Models/Intent.swift; sourceTree = "<group>"; };
		0820E2CD22C68E7C00EF2F56 /* AI.swift */ = {isa = PBXFileReference; fileEncoding = 4; lastKnownFileType = sourcecode.swift; name = AI.swift; path = ../../AiBasicApp/AiBasicApp/Models/AI.swift; sourceTree = "<group>"; };
		0820E2D022C68E8C00EF2F56 /* AIManager.swift */ = {isa = PBXFileReference; fileEncoding = 4; lastKnownFileType = sourcecode.swift; name = AIManager.swift; path = ../../AiBasicApp/AiBasicApp/Controllers/AIManager.swift; sourceTree = "<group>"; };
		0820E2D222C68E9800EF2F56 /* URLGenerator.swift */ = {isa = PBXFileReference; fileEncoding = 4; lastKnownFileType = sourcecode.swift; name = URLGenerator.swift; path = ../../AiBasicApp/AiBasicApp/Utilities/URLGenerator.swift; sourceTree = "<group>"; };
		0820E2D422C68EA000EF2F56 /* AIRequest.swift */ = {isa = PBXFileReference; fileEncoding = 4; lastKnownFileType = sourcecode.swift; name = AIRequest.swift; path = ../../AiBasicApp/AiBasicApp/Network/AIRequest.swift; sourceTree = "<group>"; };
		0820E2D522C68EA000EF2F56 /* AIService.swift */ = {isa = PBXFileReference; fileEncoding = 4; lastKnownFileType = sourcecode.swift; name = AIService.swift; path = ../../AiBasicApp/AiBasicApp/Network/AIService.swift; sourceTree = "<group>"; };
		0820E2D822C68ED700EF2F56 /* AddressIntent.swift */ = {isa = PBXFileReference; fileEncoding = 4; lastKnownFileType = sourcecode.swift; name = AddressIntent.swift; path = ../../../AiBasicApp/AiBasicApp/Models/AddressIntent.swift; sourceTree = "<group>"; };
		0820E2D922C68ED700EF2F56 /* WeatherIntent.swift */ = {isa = PBXFileReference; fileEncoding = 4; lastKnownFileType = sourcecode.swift; name = WeatherIntent.swift; path = ../../../AiBasicApp/AiBasicApp/Models/WeatherIntent.swift; sourceTree = "<group>"; };
		11E674C5807598BB208871B4 /* Pods_interfaceMockUITests.framework */ = {isa = PBXFileReference; explicitFileType = wrapper.framework; includeInIndex = 0; path = Pods_interfaceMockUITests.framework; sourceTree = BUILT_PRODUCTS_DIR; };
		2EB28EAF2AAD97ECEEBA376E /* Pods-interfaceMock.release.xcconfig */ = {isa = PBXFileReference; includeInIndex = 1; lastKnownFileType = text.xcconfig; name = "Pods-interfaceMock.release.xcconfig"; path = "Target Support Files/Pods-interfaceMock/Pods-interfaceMock.release.xcconfig"; sourceTree = "<group>"; };
		3AF47C6A703DC5265D5F0E35 /* Pods-interfaceMock.debug.xcconfig */ = {isa = PBXFileReference; includeInIndex = 1; lastKnownFileType = text.xcconfig; name = "Pods-interfaceMock.debug.xcconfig"; path = "Target Support Files/Pods-interfaceMock/Pods-interfaceMock.debug.xcconfig"; sourceTree = "<group>"; };
		620F15CE8ADE899DEEAA1674 /* Pods-interfaceMockTests.debug.xcconfig */ = {isa = PBXFileReference; includeInIndex = 1; lastKnownFileType = text.xcconfig; name = "Pods-interfaceMockTests.debug.xcconfig"; path = "Target Support Files/Pods-interfaceMockTests/Pods-interfaceMockTests.debug.xcconfig"; sourceTree = "<group>"; };
		65E072D61414A610F0420405 /* Pods-interfaceMockTests.release.xcconfig */ = {isa = PBXFileReference; includeInIndex = 1; lastKnownFileType = text.xcconfig; name = "Pods-interfaceMockTests.release.xcconfig"; path = "Target Support Files/Pods-interfaceMockTests/Pods-interfaceMockTests.release.xcconfig"; sourceTree = "<group>"; };
		8D048448506E925BBAD7BB6D /* Pods_interfaceMockTests.framework */ = {isa = PBXFileReference; explicitFileType = wrapper.framework; includeInIndex = 0; path = Pods_interfaceMockTests.framework; sourceTree = BUILT_PRODUCTS_DIR; };
		9E6672DDDB3368F90ED5853D /* Pods_interfaceMock.framework */ = {isa = PBXFileReference; explicitFileType = wrapper.framework; includeInIndex = 0; path = Pods_interfaceMock.framework; sourceTree = BUILT_PRODUCTS_DIR; };
		EDB4D2EAAC6D6D5280DB04E7 /* Pods-interfaceMockUITests.release.xcconfig */ = {isa = PBXFileReference; includeInIndex = 1; lastKnownFileType = text.xcconfig; name = "Pods-interfaceMockUITests.release.xcconfig"; path = "Target Support Files/Pods-interfaceMockUITests/Pods-interfaceMockUITests.release.xcconfig"; sourceTree = "<group>"; };
		F2CAE18622B4173800D51C87 /* interfaceMock.app */ = {isa = PBXFileReference; explicitFileType = wrapper.application; includeInIndex = 0; path = interfaceMock.app; sourceTree = BUILT_PRODUCTS_DIR; };
		F2CAE18922B4173800D51C87 /* AppDelegate.swift */ = {isa = PBXFileReference; lastKnownFileType = sourcecode.swift; path = AppDelegate.swift; sourceTree = "<group>"; };
		F2CAE18B22B4173800D51C87 /* art.scnassets */ = {isa = PBXFileReference; lastKnownFileType = wrapper.scnassets; path = art.scnassets; sourceTree = "<group>"; };
		F2CAE18D22B4173800D51C87 /* ViewController.swift */ = {isa = PBXFileReference; lastKnownFileType = sourcecode.swift; path = ViewController.swift; sourceTree = "<group>"; };
		F2CAE19022B4173800D51C87 /* Base */ = {isa = PBXFileReference; lastKnownFileType = file.storyboard; name = Base; path = Base.lproj/Main.storyboard; sourceTree = "<group>"; };
		F2CAE19222B4173900D51C87 /* Assets.xcassets */ = {isa = PBXFileReference; lastKnownFileType = folder.assetcatalog; path = Assets.xcassets; sourceTree = "<group>"; };
		F2CAE19522B4173900D51C87 /* Base */ = {isa = PBXFileReference; lastKnownFileType = file.storyboard; name = Base; path = Base.lproj/LaunchScreen.storyboard; sourceTree = "<group>"; };
		F2CAE19722B4173900D51C87 /* Info.plist */ = {isa = PBXFileReference; lastKnownFileType = text.plist.xml; path = Info.plist; sourceTree = "<group>"; };
		F2CAE19C22B4173A00D51C87 /* interfaceMockTests.xctest */ = {isa = PBXFileReference; explicitFileType = wrapper.cfbundle; includeInIndex = 0; path = interfaceMockTests.xctest; sourceTree = BUILT_PRODUCTS_DIR; };
		F2CAE1A022B4173A00D51C87 /* interfaceMockTests.swift */ = {isa = PBXFileReference; lastKnownFileType = sourcecode.swift; path = interfaceMockTests.swift; sourceTree = "<group>"; };
		F2CAE1A222B4173A00D51C87 /* Info.plist */ = {isa = PBXFileReference; lastKnownFileType = text.plist.xml; path = Info.plist; sourceTree = "<group>"; };
		F2CAE1A722B4173A00D51C87 /* interfaceMockUITests.xctest */ = {isa = PBXFileReference; explicitFileType = wrapper.cfbundle; includeInIndex = 0; path = interfaceMockUITests.xctest; sourceTree = BUILT_PRODUCTS_DIR; };
		F2CAE1AB22B4173A00D51C87 /* interfaceMockUITests.swift */ = {isa = PBXFileReference; lastKnownFileType = sourcecode.swift; path = interfaceMockUITests.swift; sourceTree = "<group>"; };
		F2CAE1AD22B4173A00D51C87 /* Info.plist */ = {isa = PBXFileReference; lastKnownFileType = text.plist.xml; path = Info.plist; sourceTree = "<group>"; };
		FD7555090DA009DD258A4E84 /* Pods-interfaceMockUITests.debug.xcconfig */ = {isa = PBXFileReference; includeInIndex = 1; lastKnownFileType = text.xcconfig; name = "Pods-interfaceMockUITests.debug.xcconfig"; path = "Target Support Files/Pods-interfaceMockUITests/Pods-interfaceMockUITests.debug.xcconfig"; sourceTree = "<group>"; };
/* End PBXFileReference section */

/* Begin PBXFrameworksBuildPhase section */
		F2CAE18322B4173800D51C87 /* Frameworks */ = {
			isa = PBXFrameworksBuildPhase;
			buildActionMask = 2147483647;
			files = (
				980CAF5EFA97B71EF1B41782 /* Pods_interfaceMock.framework in Frameworks */,
			);
			runOnlyForDeploymentPostprocessing = 0;
		};
		F2CAE19922B4173A00D51C87 /* Frameworks */ = {
			isa = PBXFrameworksBuildPhase;
			buildActionMask = 2147483647;
			files = (
				8B35B80940B472EBAC45996E /* Pods_interfaceMockTests.framework in Frameworks */,
			);
			runOnlyForDeploymentPostprocessing = 0;
		};
		F2CAE1A422B4173A00D51C87 /* Frameworks */ = {
			isa = PBXFrameworksBuildPhase;
			buildActionMask = 2147483647;
			files = (
				3BA530908197693A5F7D440E /* Pods_interfaceMockUITests.framework in Frameworks */,
			);
			runOnlyForDeploymentPostprocessing = 0;
		};
/* End PBXFrameworksBuildPhase section */

/* Begin PBXGroup section */
		0820E2C822C68E2600EF2F56 /* Models */ = {
			isa = PBXGroup;
			children = (
				0820E2D822C68ED700EF2F56 /* AddressIntent.swift */,
				0820E2D922C68ED700EF2F56 /* WeatherIntent.swift */,
				0820E2CD22C68E7C00EF2F56 /* AI.swift */,
				0820E2CC22C68E7C00EF2F56 /* Intent.swift */,
			);
			path = Models;
			sourceTree = "<group>";
		};
		0820E2C922C68E3400EF2F56 /* Controllers */ = {
			isa = PBXGroup;
			children = (
				0820E2D022C68E8C00EF2F56 /* AIManager.swift */,
			);
			path = Controllers;
			sourceTree = "<group>";
		};
		0820E2CA22C68E3F00EF2F56 /* Network */ = {
			isa = PBXGroup;
			children = (
				0820E2D422C68EA000EF2F56 /* AIRequest.swift */,
				0820E2D522C68EA000EF2F56 /* AIService.swift */,
			);
			path = Network;
			sourceTree = "<group>";
		};
		0820E2CB22C68E4C00EF2F56 /* Utilities */ = {
			isa = PBXGroup;
			children = (
				0820E2D222C68E9800EF2F56 /* URLGenerator.swift */,
			);
			path = Utilities;
			sourceTree = "<group>";
		};
		389910124B3E2FF70F38825E /* Pods */ = {
			isa = PBXGroup;
			children = (
				3AF47C6A703DC5265D5F0E35 /* Pods-interfaceMock.debug.xcconfig */,
				2EB28EAF2AAD97ECEEBA376E /* Pods-interfaceMock.release.xcconfig */,
				620F15CE8ADE899DEEAA1674 /* Pods-interfaceMockTests.debug.xcconfig */,
				65E072D61414A610F0420405 /* Pods-interfaceMockTests.release.xcconfig */,
				FD7555090DA009DD258A4E84 /* Pods-interfaceMockUITests.debug.xcconfig */,
				EDB4D2EAAC6D6D5280DB04E7 /* Pods-interfaceMockUITests.release.xcconfig */,
			);
			path = Pods;
			sourceTree = "<group>";
		};
		3C3BFC9B38CE81B8FD82ED9A /* Frameworks */ = {
			isa = PBXGroup;
			children = (
				9E6672DDDB3368F90ED5853D /* Pods_interfaceMock.framework */,
				8D048448506E925BBAD7BB6D /* Pods_interfaceMockTests.framework */,
				11E674C5807598BB208871B4 /* Pods_interfaceMockUITests.framework */,
			);
			name = Frameworks;
			sourceTree = "<group>";
		};
		F2CAE17D22B4173800D51C87 = {
			isa = PBXGroup;
			children = (
				F2CAE18822B4173800D51C87 /* interfaceMock */,
				F2CAE1AA22B4173A00D51C87 /* interfaceMockUITests */,
				F2CAE19F22B4173A00D51C87 /* interfaceMockTests */,
				F2CAE18722B4173800D51C87 /* Products */,
				389910124B3E2FF70F38825E /* Pods */,
				3C3BFC9B38CE81B8FD82ED9A /* Frameworks */,
			);
			sourceTree = "<group>";
		};
		F2CAE18722B4173800D51C87 /* Products */ = {
			isa = PBXGroup;
			children = (
				F2CAE18622B4173800D51C87 /* interfaceMock.app */,
				F2CAE19C22B4173A00D51C87 /* interfaceMockTests.xctest */,
				F2CAE1A722B4173A00D51C87 /* interfaceMockUITests.xctest */,
			);
			name = Products;
			sourceTree = "<group>";
		};
		F2CAE18822B4173800D51C87 /* interfaceMock */ = {
			isa = PBXGroup;
			children = (
				0820E2CB22C68E4C00EF2F56 /* Utilities */,
				0820E2C822C68E2600EF2F56 /* Models */,
				0820E2C922C68E3400EF2F56 /* Controllers */,
				0820E2CA22C68E3F00EF2F56 /* Network */,
				F2CAE18922B4173800D51C87 /* AppDelegate.swift */,
				F2CAE18B22B4173800D51C87 /* art.scnassets */,
				F2CAE18D22B4173800D51C87 /* ViewController.swift */,
				F2CAE18F22B4173800D51C87 /* Main.storyboard */,
				F2CAE19222B4173900D51C87 /* Assets.xcassets */,
				F2CAE19422B4173900D51C87 /* LaunchScreen.storyboard */,
				F2CAE19722B4173900D51C87 /* Info.plist */,
			);
			path = interfaceMock;
			sourceTree = "<group>";
		};
		F2CAE19F22B4173A00D51C87 /* interfaceMockTests */ = {
			isa = PBXGroup;
			children = (
				F2CAE1A022B4173A00D51C87 /* interfaceMockTests.swift */,
				F2CAE1A222B4173A00D51C87 /* Info.plist */,
			);
			path = interfaceMockTests;
			sourceTree = "<group>";
		};
		F2CAE1AA22B4173A00D51C87 /* interfaceMockUITests */ = {
			isa = PBXGroup;
			children = (
				F2CAE1AB22B4173A00D51C87 /* interfaceMockUITests.swift */,
				F2CAE1AD22B4173A00D51C87 /* Info.plist */,
			);
			path = interfaceMockUITests;
			sourceTree = "<group>";
		};
/* End PBXGroup section */

/* Begin PBXNativeTarget section */
		F2CAE18522B4173800D51C87 /* interfaceMock */ = {
			isa = PBXNativeTarget;
			buildConfigurationList = F2CAE1B022B4173A00D51C87 /* Build configuration list for PBXNativeTarget "interfaceMock" */;
			buildPhases = (
				C3E46B889F4B5725D795AF18 /* [CP] Check Pods Manifest.lock */,
				F2CAE18222B4173800D51C87 /* Sources */,
				F2CAE18322B4173800D51C87 /* Frameworks */,
				F2CAE18422B4173800D51C87 /* Resources */,
				14D9F230847B6A40766972D5 /* [CP] Embed Pods Frameworks */,
			);
			buildRules = (
			);
			dependencies = (
			);
			name = interfaceMock;
			productName = interfaceMock;
			productReference = F2CAE18622B4173800D51C87 /* interfaceMock.app */;
			productType = "com.apple.product-type.application";
		};
		F2CAE19B22B4173A00D51C87 /* interfaceMockTests */ = {
			isa = PBXNativeTarget;
			buildConfigurationList = F2CAE1B322B4173A00D51C87 /* Build configuration list for PBXNativeTarget "interfaceMockTests" */;
			buildPhases = (
				2D83506FC8F7BD96849B57DF /* [CP] Check Pods Manifest.lock */,
				F2CAE19822B4173A00D51C87 /* Sources */,
				F2CAE19922B4173A00D51C87 /* Frameworks */,
				F2CAE19A22B4173A00D51C87 /* Resources */,
			);
			buildRules = (
			);
			dependencies = (
				F2CAE19E22B4173A00D51C87 /* PBXTargetDependency */,
			);
			name = interfaceMockTests;
			productName = interfaceMockTests;
			productReference = F2CAE19C22B4173A00D51C87 /* interfaceMockTests.xctest */;
			productType = "com.apple.product-type.bundle.unit-test";
		};
		F2CAE1A622B4173A00D51C87 /* interfaceMockUITests */ = {
			isa = PBXNativeTarget;
			buildConfigurationList = F2CAE1B622B4173A00D51C87 /* Build configuration list for PBXNativeTarget "interfaceMockUITests" */;
			buildPhases = (
				3B1A53296B46F27D1E492C33 /* [CP] Check Pods Manifest.lock */,
				F2CAE1A322B4173A00D51C87 /* Sources */,
				F2CAE1A422B4173A00D51C87 /* Frameworks */,
				F2CAE1A522B4173A00D51C87 /* Resources */,
			);
			buildRules = (
			);
			dependencies = (
				F2CAE1A922B4173A00D51C87 /* PBXTargetDependency */,
			);
			name = interfaceMockUITests;
			productName = interfaceMockUITests;
			productReference = F2CAE1A722B4173A00D51C87 /* interfaceMockUITests.xctest */;
			productType = "com.apple.product-type.bundle.ui-testing";
		};
/* End PBXNativeTarget section */

/* Begin PBXProject section */
		F2CAE17E22B4173800D51C87 /* Project object */ = {
			isa = PBXProject;
			attributes = {
				LastSwiftUpdateCheck = 1020;
				LastUpgradeCheck = 1020;
				ORGANIZATIONNAME = "matt-skeins-buddy";
				TargetAttributes = {
					F2CAE18522B4173800D51C87 = {
						CreatedOnToolsVersion = 10.2.1;
					};
					F2CAE19B22B4173A00D51C87 = {
						CreatedOnToolsVersion = 10.2.1;
						TestTargetID = F2CAE18522B4173800D51C87;
					};
					F2CAE1A622B4173A00D51C87 = {
						CreatedOnToolsVersion = 10.2.1;
						TestTargetID = F2CAE18522B4173800D51C87;
					};
				};
			};
			buildConfigurationList = F2CAE18122B4173800D51C87 /* Build configuration list for PBXProject "interfaceMock" */;
			compatibilityVersion = "Xcode 9.3";
			developmentRegion = en;
			hasScannedForEncodings = 0;
			knownRegions = (
				en,
				Base,
			);
			mainGroup = F2CAE17D22B4173800D51C87;
			productRefGroup = F2CAE18722B4173800D51C87 /* Products */;
			projectDirPath = "";
			projectRoot = "";
			targets = (
				F2CAE18522B4173800D51C87 /* interfaceMock */,
				F2CAE19B22B4173A00D51C87 /* interfaceMockTests */,
				F2CAE1A622B4173A00D51C87 /* interfaceMockUITests */,
			);
		};
/* End PBXProject section */

/* Begin PBXResourcesBuildPhase section */
		F2CAE18422B4173800D51C87 /* Resources */ = {
			isa = PBXResourcesBuildPhase;
			buildActionMask = 2147483647;
			files = (
				F2CAE18C22B4173800D51C87 /* art.scnassets in Resources */,
				F2CAE19622B4173900D51C87 /* LaunchScreen.storyboard in Resources */,
				F2CAE19322B4173900D51C87 /* Assets.xcassets in Resources */,
				F2CAE19122B4173800D51C87 /* Main.storyboard in Resources */,
			);
			runOnlyForDeploymentPostprocessing = 0;
		};
		F2CAE19A22B4173A00D51C87 /* Resources */ = {
			isa = PBXResourcesBuildPhase;
			buildActionMask = 2147483647;
			files = (
			);
			runOnlyForDeploymentPostprocessing = 0;
		};
		F2CAE1A522B4173A00D51C87 /* Resources */ = {
			isa = PBXResourcesBuildPhase;
			buildActionMask = 2147483647;
			files = (
			);
			runOnlyForDeploymentPostprocessing = 0;
		};
/* End PBXResourcesBuildPhase section */

/* Begin PBXShellScriptBuildPhase section */
		14D9F230847B6A40766972D5 /* [CP] Embed Pods Frameworks */ = {
			isa = PBXShellScriptBuildPhase;
			buildActionMask = 2147483647;
			files = (
			);
			inputFileListPaths = (
				"${PODS_ROOT}/Target Support Files/Pods-interfaceMock/Pods-interfaceMock-frameworks-${CONFIGURATION}-input-files.xcfilelist",
			);
			name = "[CP] Embed Pods Frameworks";
			outputFileListPaths = (
				"${PODS_ROOT}/Target Support Files/Pods-interfaceMock/Pods-interfaceMock-frameworks-${CONFIGURATION}-output-files.xcfilelist",
			);
			runOnlyForDeploymentPostprocessing = 0;
			shellPath = /bin/sh;
			shellScript = "\"${PODS_ROOT}/Target Support Files/Pods-interfaceMock/Pods-interfaceMock-frameworks.sh\"\n";
			showEnvVarsInLog = 0;
		};
		2D83506FC8F7BD96849B57DF /* [CP] Check Pods Manifest.lock */ = {
			isa = PBXShellScriptBuildPhase;
			buildActionMask = 2147483647;
			files = (
			);
			inputFileListPaths = (
			);
			inputPaths = (
				"${PODS_PODFILE_DIR_PATH}/Podfile.lock",
				"${PODS_ROOT}/Manifest.lock",
			);
			name = "[CP] Check Pods Manifest.lock";
			outputFileListPaths = (
			);
			outputPaths = (
				"$(DERIVED_FILE_DIR)/Pods-interfaceMockTests-checkManifestLockResult.txt",
			);
			runOnlyForDeploymentPostprocessing = 0;
			shellPath = /bin/sh;
			shellScript = "diff \"${PODS_PODFILE_DIR_PATH}/Podfile.lock\" \"${PODS_ROOT}/Manifest.lock\" > /dev/null\nif [ $? != 0 ] ; then\n    # print error to STDERR\n    echo \"error: The sandbox is not in sync with the Podfile.lock. Run 'pod install' or update your CocoaPods installation.\" >&2\n    exit 1\nfi\n# This output is used by Xcode 'outputs' to avoid re-running this script phase.\necho \"SUCCESS\" > \"${SCRIPT_OUTPUT_FILE_0}\"\n";
			showEnvVarsInLog = 0;
		};
		3B1A53296B46F27D1E492C33 /* [CP] Check Pods Manifest.lock */ = {
			isa = PBXShellScriptBuildPhase;
			buildActionMask = 2147483647;
			files = (
			);
			inputFileListPaths = (
			);
			inputPaths = (
				"${PODS_PODFILE_DIR_PATH}/Podfile.lock",
				"${PODS_ROOT}/Manifest.lock",
			);
			name = "[CP] Check Pods Manifest.lock";
			outputFileListPaths = (
			);
			outputPaths = (
				"$(DERIVED_FILE_DIR)/Pods-interfaceMockUITests-checkManifestLockResult.txt",
			);
			runOnlyForDeploymentPostprocessing = 0;
			shellPath = /bin/sh;
			shellScript = "diff \"${PODS_PODFILE_DIR_PATH}/Podfile.lock\" \"${PODS_ROOT}/Manifest.lock\" > /dev/null\nif [ $? != 0 ] ; then\n    # print error to STDERR\n    echo \"error: The sandbox is not in sync with the Podfile.lock. Run 'pod install' or update your CocoaPods installation.\" >&2\n    exit 1\nfi\n# This output is used by Xcode 'outputs' to avoid re-running this script phase.\necho \"SUCCESS\" > \"${SCRIPT_OUTPUT_FILE_0}\"\n";
			showEnvVarsInLog = 0;
		};
		C3E46B889F4B5725D795AF18 /* [CP] Check Pods Manifest.lock */ = {
			isa = PBXShellScriptBuildPhase;
			buildActionMask = 2147483647;
			files = (
			);
			inputFileListPaths = (
			);
			inputPaths = (
				"${PODS_PODFILE_DIR_PATH}/Podfile.lock",
				"${PODS_ROOT}/Manifest.lock",
			);
			name = "[CP] Check Pods Manifest.lock";
			outputFileListPaths = (
			);
			outputPaths = (
				"$(DERIVED_FILE_DIR)/Pods-interfaceMock-checkManifestLockResult.txt",
			);
			runOnlyForDeploymentPostprocessing = 0;
			shellPath = /bin/sh;
			shellScript = "diff \"${PODS_PODFILE_DIR_PATH}/Podfile.lock\" \"${PODS_ROOT}/Manifest.lock\" > /dev/null\nif [ $? != 0 ] ; then\n    # print error to STDERR\n    echo \"error: The sandbox is not in sync with the Podfile.lock. Run 'pod install' or update your CocoaPods installation.\" >&2\n    exit 1\nfi\n# This output is used by Xcode 'outputs' to avoid re-running this script phase.\necho \"SUCCESS\" > \"${SCRIPT_OUTPUT_FILE_0}\"\n";
			showEnvVarsInLog = 0;
		};
/* End PBXShellScriptBuildPhase section */

/* Begin PBXSourcesBuildPhase section */
		F2CAE18222B4173800D51C87 /* Sources */ = {
			isa = PBXSourcesBuildPhase;
			buildActionMask = 2147483647;
			files = (
				0820E2DB22C68ED700EF2F56 /* WeatherIntent.swift in Sources */,
				F2CAE18E22B4173800D51C87 /* ViewController.swift in Sources */,
				0820E2D322C68E9800EF2F56 /* URLGenerator.swift in Sources */,
				0820E2DA22C68ED700EF2F56 /* AddressIntent.swift in Sources */,
				0820E2CF22C68E7C00EF2F56 /* AI.swift in Sources */,
				0820E2D622C68EA000EF2F56 /* AIRequest.swift in Sources */,
				F2CAE18A22B4173800D51C87 /* AppDelegate.swift in Sources */,
				0820E2D722C68EA000EF2F56 /* AIService.swift in Sources */,
				0820E2D122C68E8C00EF2F56 /* AIManager.swift in Sources */,
				0820E2CE22C68E7C00EF2F56 /* Intent.swift in Sources */,
			);
			runOnlyForDeploymentPostprocessing = 0;
		};
		F2CAE19822B4173A00D51C87 /* Sources */ = {
			isa = PBXSourcesBuildPhase;
			buildActionMask = 2147483647;
			files = (
				F2CAE1A122B4173A00D51C87 /* interfaceMockTests.swift in Sources */,
			);
			runOnlyForDeploymentPostprocessing = 0;
		};
		F2CAE1A322B4173A00D51C87 /* Sources */ = {
			isa = PBXSourcesBuildPhase;
			buildActionMask = 2147483647;
			files = (
				F2CAE1AC22B4173A00D51C87 /* interfaceMockUITests.swift in Sources */,
			);
			runOnlyForDeploymentPostprocessing = 0;
		};
/* End PBXSourcesBuildPhase section */

/* Begin PBXTargetDependency section */
		F2CAE19E22B4173A00D51C87 /* PBXTargetDependency */ = {
			isa = PBXTargetDependency;
			target = F2CAE18522B4173800D51C87 /* interfaceMock */;
			targetProxy = F2CAE19D22B4173A00D51C87 /* PBXContainerItemProxy */;
		};
		F2CAE1A922B4173A00D51C87 /* PBXTargetDependency */ = {
			isa = PBXTargetDependency;
			target = F2CAE18522B4173800D51C87 /* interfaceMock */;
			targetProxy = F2CAE1A822B4173A00D51C87 /* PBXContainerItemProxy */;
		};
/* End PBXTargetDependency section */

/* Begin PBXVariantGroup section */
		F2CAE18F22B4173800D51C87 /* Main.storyboard */ = {
			isa = PBXVariantGroup;
			children = (
				F2CAE19022B4173800D51C87 /* Base */,
			);
			name = Main.storyboard;
			sourceTree = "<group>";
		};
		F2CAE19422B4173900D51C87 /* LaunchScreen.storyboard */ = {
			isa = PBXVariantGroup;
			children = (
				F2CAE19522B4173900D51C87 /* Base */,
			);
			name = LaunchScreen.storyboard;
			sourceTree = "<group>";
		};
/* End PBXVariantGroup section */

/* Begin XCBuildConfiguration section */
		F2CAE1AE22B4173A00D51C87 /* Debug */ = {
			isa = XCBuildConfiguration;
			buildSettings = {
				ALWAYS_SEARCH_USER_PATHS = NO;
				CLANG_ANALYZER_NONNULL = YES;
				CLANG_ANALYZER_NUMBER_OBJECT_CONVERSION = YES_AGGRESSIVE;
				CLANG_CXX_LANGUAGE_STANDARD = "gnu++14";
				CLANG_CXX_LIBRARY = "libc++";
				CLANG_ENABLE_MODULES = YES;
				CLANG_ENABLE_OBJC_ARC = YES;
				CLANG_ENABLE_OBJC_WEAK = YES;
				CLANG_WARN_BLOCK_CAPTURE_AUTORELEASING = YES;
				CLANG_WARN_BOOL_CONVERSION = YES;
				CLANG_WARN_COMMA = YES;
				CLANG_WARN_CONSTANT_CONVERSION = YES;
				CLANG_WARN_DEPRECATED_OBJC_IMPLEMENTATIONS = YES;
				CLANG_WARN_DIRECT_OBJC_ISA_USAGE = YES_ERROR;
				CLANG_WARN_DOCUMENTATION_COMMENTS = YES;
				CLANG_WARN_EMPTY_BODY = YES;
				CLANG_WARN_ENUM_CONVERSION = YES;
				CLANG_WARN_INFINITE_RECURSION = YES;
				CLANG_WARN_INT_CONVERSION = YES;
				CLANG_WARN_NON_LITERAL_NULL_CONVERSION = YES;
				CLANG_WARN_OBJC_IMPLICIT_RETAIN_SELF = YES;
				CLANG_WARN_OBJC_LITERAL_CONVERSION = YES;
				CLANG_WARN_OBJC_ROOT_CLASS = YES_ERROR;
				CLANG_WARN_RANGE_LOOP_ANALYSIS = YES;
				CLANG_WARN_STRICT_PROTOTYPES = YES;
				CLANG_WARN_SUSPICIOUS_MOVE = YES;
				CLANG_WARN_UNGUARDED_AVAILABILITY = YES_AGGRESSIVE;
				CLANG_WARN_UNREACHABLE_CODE = YES;
				CLANG_WARN__DUPLICATE_METHOD_MATCH = YES;
				CODE_SIGN_IDENTITY = "iPhone Developer";
				COPY_PHASE_STRIP = NO;
				DEBUG_INFORMATION_FORMAT = dwarf;
				ENABLE_STRICT_OBJC_MSGSEND = YES;
				ENABLE_TESTABILITY = YES;
				GCC_C_LANGUAGE_STANDARD = gnu11;
				GCC_DYNAMIC_NO_PIC = NO;
				GCC_NO_COMMON_BLOCKS = YES;
				GCC_OPTIMIZATION_LEVEL = 0;
				GCC_PREPROCESSOR_DEFINITIONS = (
					"DEBUG=1",
					"$(inherited)",
				);
				GCC_WARN_64_TO_32_BIT_CONVERSION = YES;
				GCC_WARN_ABOUT_RETURN_TYPE = YES_ERROR;
				GCC_WARN_UNDECLARED_SELECTOR = YES;
				GCC_WARN_UNINITIALIZED_AUTOS = YES_AGGRESSIVE;
				GCC_WARN_UNUSED_FUNCTION = YES;
				GCC_WARN_UNUSED_VARIABLE = YES;
				IPHONEOS_DEPLOYMENT_TARGET = 12.0;
				MTL_ENABLE_DEBUG_INFO = INCLUDE_SOURCE;
				MTL_FAST_MATH = YES;
				ONLY_ACTIVE_ARCH = YES;
				SDKROOT = iphoneos;
				SWIFT_ACTIVE_COMPILATION_CONDITIONS = DEBUG;
				SWIFT_OPTIMIZATION_LEVEL = "-Onone";
				SWIFT_PRECOMPILE_BRIDGING_HEADER = NO;
			};
			name = Debug;
		};
		F2CAE1AF22B4173A00D51C87 /* Release */ = {
			isa = XCBuildConfiguration;
			buildSettings = {
				ALWAYS_SEARCH_USER_PATHS = NO;
				CLANG_ANALYZER_NONNULL = YES;
				CLANG_ANALYZER_NUMBER_OBJECT_CONVERSION = YES_AGGRESSIVE;
				CLANG_CXX_LANGUAGE_STANDARD = "gnu++14";
				CLANG_CXX_LIBRARY = "libc++";
				CLANG_ENABLE_MODULES = YES;
				CLANG_ENABLE_OBJC_ARC = YES;
				CLANG_ENABLE_OBJC_WEAK = YES;
				CLANG_WARN_BLOCK_CAPTURE_AUTORELEASING = YES;
				CLANG_WARN_BOOL_CONVERSION = YES;
				CLANG_WARN_COMMA = YES;
				CLANG_WARN_CONSTANT_CONVERSION = YES;
				CLANG_WARN_DEPRECATED_OBJC_IMPLEMENTATIONS = YES;
				CLANG_WARN_DIRECT_OBJC_ISA_USAGE = YES_ERROR;
				CLANG_WARN_DOCUMENTATION_COMMENTS = YES;
				CLANG_WARN_EMPTY_BODY = YES;
				CLANG_WARN_ENUM_CONVERSION = YES;
				CLANG_WARN_INFINITE_RECURSION = YES;
				CLANG_WARN_INT_CONVERSION = YES;
				CLANG_WARN_NON_LITERAL_NULL_CONVERSION = YES;
				CLANG_WARN_OBJC_IMPLICIT_RETAIN_SELF = YES;
				CLANG_WARN_OBJC_LITERAL_CONVERSION = YES;
				CLANG_WARN_OBJC_ROOT_CLASS = YES_ERROR;
				CLANG_WARN_RANGE_LOOP_ANALYSIS = YES;
				CLANG_WARN_STRICT_PROTOTYPES = YES;
				CLANG_WARN_SUSPICIOUS_MOVE = YES;
				CLANG_WARN_UNGUARDED_AVAILABILITY = YES_AGGRESSIVE;
				CLANG_WARN_UNREACHABLE_CODE = YES;
				CLANG_WARN__DUPLICATE_METHOD_MATCH = YES;
				CODE_SIGN_IDENTITY = "iPhone Developer";
				COPY_PHASE_STRIP = NO;
				DEBUG_INFORMATION_FORMAT = "dwarf-with-dsym";
				ENABLE_NS_ASSERTIONS = NO;
				ENABLE_STRICT_OBJC_MSGSEND = YES;
				GCC_C_LANGUAGE_STANDARD = gnu11;
				GCC_NO_COMMON_BLOCKS = YES;
				GCC_WARN_64_TO_32_BIT_CONVERSION = YES;
				GCC_WARN_ABOUT_RETURN_TYPE = YES_ERROR;
				GCC_WARN_UNDECLARED_SELECTOR = YES;
				GCC_WARN_UNINITIALIZED_AUTOS = YES_AGGRESSIVE;
				GCC_WARN_UNUSED_FUNCTION = YES;
				GCC_WARN_UNUSED_VARIABLE = YES;
				IPHONEOS_DEPLOYMENT_TARGET = 12.0;
				MTL_ENABLE_DEBUG_INFO = NO;
				MTL_FAST_MATH = YES;
				SDKROOT = iphoneos;
				SWIFT_COMPILATION_MODE = wholemodule;
				SWIFT_OPTIMIZATION_LEVEL = "-O";
				SWIFT_PRECOMPILE_BRIDGING_HEADER = NO;
				VALIDATE_PRODUCT = YES;
			};
			name = Release;
		};
		F2CAE1B122B4173A00D51C87 /* Debug */ = {
			isa = XCBuildConfiguration;
			baseConfigurationReference = 3AF47C6A703DC5265D5F0E35 /* Pods-interfaceMock.debug.xcconfig */;
			buildSettings = {
				ASSETCATALOG_COMPILER_APPICON_NAME = AppIcon;
				CODE_SIGN_STYLE = Automatic;
				DEVELOPMENT_TEAM = 75R8QKK66M;
				FRAMEWORK_SEARCH_PATHS = (
					"$(inherited)",
					"\"${PODS_CONFIGURATION_BUILD_DIR}/ApiAI\"",
					"$(SRCROOT)/**",
				);
				INFOPLIST_FILE = interfaceMock/Info.plist;
				IPHONEOS_DEPLOYMENT_TARGET = 12.0;
				LD_RUNPATH_SEARCH_PATHS = (
					"$(inherited)",
					"@executable_path/Frameworks",
					"$(SRCROOT)",
				);
				PRODUCT_BUNDLE_IDENTIFIER = testApp.interfaceMockasads;
				PRODUCT_NAME = "$(TARGET_NAME)";
				SWIFT_VERSION = 5.0;
				TARGETED_DEVICE_FAMILY = "1,2";
			};
			name = Debug;
		};
		F2CAE1B222B4173A00D51C87 /* Release */ = {
			isa = XCBuildConfiguration;
			baseConfigurationReference = 2EB28EAF2AAD97ECEEBA376E /* Pods-interfaceMock.release.xcconfig */;
			buildSettings = {
				ASSETCATALOG_COMPILER_APPICON_NAME = AppIcon;
				CODE_SIGN_STYLE = Automatic;
				DEVELOPMENT_TEAM = 75R8QKK66M;
				FRAMEWORK_SEARCH_PATHS = (
					"$(inherited)",
					"\"${PODS_CONFIGURATION_BUILD_DIR}/ApiAI\"",
					"$(SRCROOT)/**",
				);
				INFOPLIST_FILE = interfaceMock/Info.plist;
				IPHONEOS_DEPLOYMENT_TARGET = 12.0;
				LD_RUNPATH_SEARCH_PATHS = (
					"$(inherited)",
					"@executable_path/Frameworks",
					"$(SRCROOT)",
				);
				PRODUCT_BUNDLE_IDENTIFIER = testApp.interfaceMockasads;
				PRODUCT_NAME = "$(TARGET_NAME)";
				SWIFT_VERSION = 5.0;
				TARGETED_DEVICE_FAMILY = "1,2";
			};
			name = Release;
		};
		F2CAE1B422B4173A00D51C87 /* Debug */ = {
			isa = XCBuildConfiguration;
			baseConfigurationReference = 620F15CE8ADE899DEEAA1674 /* Pods-interfaceMockTests.debug.xcconfig */;
			buildSettings = {
				ALWAYS_EMBED_SWIFT_STANDARD_LIBRARIES = YES;
				BUNDLE_LOADER = "$(TEST_HOST)";
				CODE_SIGN_STYLE = Automatic;
				DEVELOPMENT_TEAM = 369QUQ9KVV;
				INFOPLIST_FILE = interfaceMockTests/Info.plist;
				LD_RUNPATH_SEARCH_PATHS = (
					"$(inherited)",
					"@executable_path/Frameworks",
					"@loader_path/Frameworks",
				);
				PRODUCT_BUNDLE_IDENTIFIER = testApp.interfaceMockTests;
				PRODUCT_NAME = "$(TARGET_NAME)";
				SWIFT_VERSION = 5.0;
				TARGETED_DEVICE_FAMILY = "1,2";
				TEST_HOST = "$(BUILT_PRODUCTS_DIR)/interfaceMock.app/interfaceMock";
			};
			name = Debug;
		};
		F2CAE1B522B4173A00D51C87 /* Release */ = {
			isa = XCBuildConfiguration;
			baseConfigurationReference = 65E072D61414A610F0420405 /* Pods-interfaceMockTests.release.xcconfig */;
			buildSettings = {
				ALWAYS_EMBED_SWIFT_STANDARD_LIBRARIES = YES;
				BUNDLE_LOADER = "$(TEST_HOST)";
				CODE_SIGN_STYLE = Automatic;
				DEVELOPMENT_TEAM = 369QUQ9KVV;
				INFOPLIST_FILE = interfaceMockTests/Info.plist;
				LD_RUNPATH_SEARCH_PATHS = (
					"$(inherited)",
					"@executable_path/Frameworks",
					"@loader_path/Frameworks",
				);
				PRODUCT_BUNDLE_IDENTIFIER = testApp.interfaceMockTests;
				PRODUCT_NAME = "$(TARGET_NAME)";
				SWIFT_VERSION = 5.0;
				TARGETED_DEVICE_FAMILY = "1,2";
				TEST_HOST = "$(BUILT_PRODUCTS_DIR)/interfaceMock.app/interfaceMock";
			};
			name = Release;
		};
		F2CAE1B722B4173A00D51C87 /* Debug */ = {
			isa = XCBuildConfiguration;
			baseConfigurationReference = FD7555090DA009DD258A4E84 /* Pods-interfaceMockUITests.debug.xcconfig */;
			buildSettings = {
				ALWAYS_EMBED_SWIFT_STANDARD_LIBRARIES = YES;
				CODE_SIGN_STYLE = Automatic;
				DEVELOPMENT_TEAM = 369QUQ9KVV;
				INFOPLIST_FILE = interfaceMockUITests/Info.plist;
				LD_RUNPATH_SEARCH_PATHS = (
					"$(inherited)",
					"@executable_path/Frameworks",
					"@loader_path/Frameworks",
				);
				PRODUCT_BUNDLE_IDENTIFIER = testApp.interfaceMockUITests;
				PRODUCT_NAME = "$(TARGET_NAME)";
				SWIFT_VERSION = 5.0;
				TARGETED_DEVICE_FAMILY = "1,2";
				TEST_TARGET_NAME = interfaceMock;
			};
			name = Debug;
		};
		F2CAE1B822B4173A00D51C87 /* Release */ = {
			isa = XCBuildConfiguration;
			baseConfigurationReference = EDB4D2EAAC6D6D5280DB04E7 /* Pods-interfaceMockUITests.release.xcconfig */;
			buildSettings = {
				ALWAYS_EMBED_SWIFT_STANDARD_LIBRARIES = YES;
				CODE_SIGN_STYLE = Automatic;
				DEVELOPMENT_TEAM = 369QUQ9KVV;
				INFOPLIST_FILE = interfaceMockUITests/Info.plist;
				LD_RUNPATH_SEARCH_PATHS = (
					"$(inherited)",
					"@executable_path/Frameworks",
					"@loader_path/Frameworks",
				);
				PRODUCT_BUNDLE_IDENTIFIER = testApp.interfaceMockUITests;
				PRODUCT_NAME = "$(TARGET_NAME)";
				SWIFT_VERSION = 5.0;
				TARGETED_DEVICE_FAMILY = "1,2";
				TEST_TARGET_NAME = interfaceMock;
			};
			name = Release;
		};
/* End XCBuildConfiguration section */

/* Begin XCConfigurationList section */
		F2CAE18122B4173800D51C87 /* Build configuration list for PBXProject "interfaceMock" */ = {
			isa = XCConfigurationList;
			buildConfigurations = (
				F2CAE1AE22B4173A00D51C87 /* Debug */,
				F2CAE1AF22B4173A00D51C87 /* Release */,
			);
			defaultConfigurationIsVisible = 0;
			defaultConfigurationName = Release;
		};
		F2CAE1B022B4173A00D51C87 /* Build configuration list for PBXNativeTarget "interfaceMock" */ = {
			isa = XCConfigurationList;
			buildConfigurations = (
				F2CAE1B122B4173A00D51C87 /* Debug */,
				F2CAE1B222B4173A00D51C87 /* Release */,
			);
			defaultConfigurationIsVisible = 0;
			defaultConfigurationName = Release;
		};
		F2CAE1B322B4173A00D51C87 /* Build configuration list for PBXNativeTarget "interfaceMockTests" */ = {
			isa = XCConfigurationList;
			buildConfigurations = (
				F2CAE1B422B4173A00D51C87 /* Debug */,
				F2CAE1B522B4173A00D51C87 /* Release */,
			);
			defaultConfigurationIsVisible = 0;
			defaultConfigurationName = Release;
		};
		F2CAE1B622B4173A00D51C87 /* Build configuration list for PBXNativeTarget "interfaceMockUITests" */ = {
			isa = XCConfigurationList;
			buildConfigurations = (
				F2CAE1B722B4173A00D51C87 /* Debug */,
				F2CAE1B822B4173A00D51C87 /* Release */,
			);
			defaultConfigurationIsVisible = 0;
			defaultConfigurationName = Release;
		};
/* End XCConfigurationList section */
	};
	rootObject = F2CAE17E22B4173800D51C87 /* Project object */;
}
